
Microsoft Visual Studio Solution File, Format Version 12.00
# Visual Studio Version 17
VisualStudioVersion = 17.10.34928.147
MinimumVisualStudioVersion = 10.0.40219.1
Project("{FAE04EC0-301F-11D3-BF4B-00C04F79EFBC}") = "ProjectCalculate", "ProjectCalculate\ProjectCalculate.csproj", "{DDF55EE4-060D-405B-BC69-E7C736C2A439}"
EndProject
Global
	GlobalSection(SolutionConfigurationPlatforms) = preSolution
		Debug|Any CPU = Debug|Any CPU
		Release|Any CPU = Release|Any CPU
	EndGlobalSection
	GlobalSection(ProjectConfigurationPlatforms) = postSolution
		{DDF55EE4-060D-405B-BC69-E7C736C2A439}.Debug|Any CPU.ActiveCfg = Debug|Any CPU
		{DDF55EE4-060D-405B-BC69-E7C736C2A439}.Debug|Any CPU.Build.0 = Debug|Any CPU
		{DDF55EE4-060D-405B-BC69-E7C736C2A439}.Release|Any CPU.ActiveCfg = Release|Any CPU
		{DDF55EE4-060D-405B-BC69-E7C736C2A439}.Release|Any CPU.Build.0 = Release|Any CPU
	EndGlobalSection
	GlobalSection(SolutionProperties) = preSolution
		HideSolutionNode = FALSE
	EndGlobalSection
	GlobalSection(ExtensibilityGlobals) = postSolution
		SolutionGuid = {BFA05934-CB80-468B-9DB1-569A776ABA35}
	EndGlobalSection
EndGlobal
